// !$*UTF8*$!
{
	archiveVersion = 1;
	classes = {
	};
	objectVersion = 50;
	objects = {

/* Begin PBXBuildFile section */
		0905BA7521BACC8F008A5933 /* Tools.swift in Sources */ = {isa = PBXBuildFile; fileRef = 0905BA7421BACC8F008A5933 /* Tools.swift */; };
		09A6A6BD21BBDFBC00140AFA /* PieChartViewController.swift in Sources */ = {isa = PBXBuildFile; fileRef = 09A6A6BC21BBDFBC00140AFA /* PieChartViewController.swift */; };
		09A6A6C021BC1E0100140AFA /* UIImageExtension.swift in Sources */ = {isa = PBXBuildFile; fileRef = 09A6A6BF21BC1E0100140AFA /* UIImageExtension.swift */; };
		09B435D921B96B6A0023B405 /* AppDelegate.swift in Sources */ = {isa = PBXBuildFile; fileRef = 09B435D821B96B6A0023B405 /* AppDelegate.swift */; };
		09B435DB21B96B6A0023B405 /* HomeViewController.swift in Sources */ = {isa = PBXBuildFile; fileRef = 09B435DA21B96B6A0023B405 /* HomeViewController.swift */; };
		09B435DE21B96B6A0023B405 /* Main.storyboard in Resources */ = {isa = PBXBuildFile; fileRef = 09B435DC21B96B6A0023B405 /* Main.storyboard */; };
		09B435E021B96B6D0023B405 /* Assets.xcassets in Resources */ = {isa = PBXBuildFile; fileRef = 09B435DF21B96B6D0023B405 /* Assets.xcassets */; };
		09B435E321B96B6D0023B405 /* LaunchScreen.storyboard in Resources */ = {isa = PBXBuildFile; fileRef = 09B435E121B96B6D0023B405 /* LaunchScreen.storyboard */; };
		09B435ED21B96EA50023B405 /* Contants.swift in Sources */ = {isa = PBXBuildFile; fileRef = 09B435EC21B96EA50023B405 /* Contants.swift */; };
		09B435F021B972B90023B405 /* BaseTonerViewController.swift in Sources */ = {isa = PBXBuildFile; fileRef = 09B435EF21B972B90023B405 /* BaseTonerViewController.swift */; };
		09B435F221B972DD0023B405 /* BaseTonerNavigationController.swift in Sources */ = {isa = PBXBuildFile; fileRef = 09B435F121B972DD0023B405 /* BaseTonerNavigationController.swift */; };
		09B435F421B973100023B405 /* HomeNavigationController.swift in Sources */ = {isa = PBXBuildFile; fileRef = 09B435F321B973100023B405 /* HomeNavigationController.swift */; };
		09D5564B21BA98E60056D40E /* AnalysisViewController.swift in Sources */ = {isa = PBXBuildFile; fileRef = 09D5564A21BA98E60056D40E /* AnalysisViewController.swift */; };
		09E0140821BCD4EA009785FD /* KMeans.swift in Sources */ = {isa = PBXBuildFile; fileRef = 09E0140721BCD4EA009785FD /* KMeans.swift */; };
		09E0140A21BCD948009785FD /* Vector.swift in Sources */ = {isa = PBXBuildFile; fileRef = 09E0140921BCD948009785FD /* Vector.swift */; };
		E8CAB9F3867A58951EBC0355 /* Pods_Toner.framework in Frameworks */ = {isa = PBXBuildFile; fileRef = 8B32017B551B806B7928DF98 /* Pods_Toner.framework */; };
/* End PBXBuildFile section */

/* Begin PBXFileReference section */
		0905BA7421BACC8F008A5933 /* Tools.swift */ = {isa = PBXFileReference; lastKnownFileType = sourcecode.swift; path = Tools.swift; sourceTree = "<group>"; };
		09A6A6BC21BBDFBC00140AFA /* PieChartViewController.swift */ = {isa = PBXFileReference; lastKnownFileType = sourcecode.swift; path = PieChartViewController.swift; sourceTree = "<group>"; };
		09A6A6BF21BC1E0100140AFA /* UIImageExtension.swift */ = {isa = PBXFileReference; lastKnownFileType = sourcecode.swift; path = UIImageExtension.swift; sourceTree = "<group>"; };
		09B435D521B96B6A0023B405 /* Toner.app */ = {isa = PBXFileReference; explicitFileType = wrapper.application; includeInIndex = 0; path = Toner.app; sourceTree = BUILT_PRODUCTS_DIR; };
		09B435D821B96B6A0023B405 /* AppDelegate.swift */ = {isa = PBXFileReference; lastKnownFileType = sourcecode.swift; path = AppDelegate.swift; sourceTree = "<group>"; };
		09B435DA21B96B6A0023B405 /* HomeViewController.swift */ = {isa = PBXFileReference; lastKnownFileType = sourcecode.swift; path = HomeViewController.swift; sourceTree = "<group>"; };
		09B435DD21B96B6A0023B405 /* Base */ = {isa = PBXFileReference; lastKnownFileType = file.storyboard; name = Base; path = Base.lproj/Main.storyboard; sourceTree = "<group>"; };
		09B435DF21B96B6D0023B405 /* Assets.xcassets */ = {isa = PBXFileReference; lastKnownFileType = folder.assetcatalog; path = Assets.xcassets; sourceTree = "<group>"; };
		09B435E221B96B6D0023B405 /* Base */ = {isa = PBXFileReference; lastKnownFileType = file.storyboard; name = Base; path = Base.lproj/LaunchScreen.storyboard; sourceTree = "<group>"; };
		09B435E421B96B6D0023B405 /* Info.plist */ = {isa = PBXFileReference; lastKnownFileType = text.plist.xml; path = Info.plist; sourceTree = "<group>"; };
		09B435EC21B96EA50023B405 /* Contants.swift */ = {isa = PBXFileReference; lastKnownFileType = sourcecode.swift; path = Contants.swift; sourceTree = "<group>"; };
		09B435EF21B972B90023B405 /* BaseTonerViewController.swift */ = {isa = PBXFileReference; lastKnownFileType = sourcecode.swift; path = BaseTonerViewController.swift; sourceTree = "<group>"; };
		09B435F121B972DD0023B405 /* BaseTonerNavigationController.swift */ = {isa = PBXFileReference; lastKnownFileType = sourcecode.swift; path = BaseTonerNavigationController.swift; sourceTree = "<group>"; };
		09B435F321B973100023B405 /* HomeNavigationController.swift */ = {isa = PBXFileReference; lastKnownFileType = sourcecode.swift; path = HomeNavigationController.swift; sourceTree = "<group>"; };
		09D5564A21BA98E60056D40E /* AnalysisViewController.swift */ = {isa = PBXFileReference; lastKnownFileType = sourcecode.swift; path = AnalysisViewController.swift; sourceTree = "<group>"; };
		09E0140721BCD4EA009785FD /* KMeans.swift */ = {isa = PBXFileReference; lastKnownFileType = sourcecode.swift; path = KMeans.swift; sourceTree = "<group>"; };
		09E0140921BCD948009785FD /* Vector.swift */ = {isa = PBXFileReference; lastKnownFileType = sourcecode.swift; path = Vector.swift; sourceTree = "<group>"; };
		8B32017B551B806B7928DF98 /* Pods_Toner.framework */ = {isa = PBXFileReference; explicitFileType = wrapper.framework; includeInIndex = 0; path = Pods_Toner.framework; sourceTree = BUILT_PRODUCTS_DIR; };
		AA4B5B0EE886C8E651D3A5DE /* Pods-Toner.debug.xcconfig */ = {isa = PBXFileReference; includeInIndex = 1; lastKnownFileType = text.xcconfig; name = "Pods-Toner.debug.xcconfig"; path = "Pods/Target Support Files/Pods-Toner/Pods-Toner.debug.xcconfig"; sourceTree = "<group>"; };
		F65BBC1A9C93ED8B669C28B0 /* Pods-Toner.release.xcconfig */ = {isa = PBXFileReference; includeInIndex = 1; lastKnownFileType = text.xcconfig; name = "Pods-Toner.release.xcconfig"; path = "Pods/Target Support Files/Pods-Toner/Pods-Toner.release.xcconfig"; sourceTree = "<group>"; };
/* End PBXFileReference section */

/* Begin PBXFrameworksBuildPhase section */
		09B435D221B96B690023B405 /* Frameworks */ = {
			isa = PBXFrameworksBuildPhase;
			buildActionMask = 2147483647;
			files = (
				E8CAB9F3867A58951EBC0355 /* Pods_Toner.framework in Frameworks */,
			);
			runOnlyForDeploymentPostprocessing = 0;
		};
/* End PBXFrameworksBuildPhase section */

/* Begin PBXGroup section */
		09A6A6BE21BC1DE600140AFA /* Extensions */ = {
			isa = PBXGroup;
			children = (
				09A6A6BF21BC1E0100140AFA /* UIImageExtension.swift */,
			);
			path = Extensions;
			sourceTree = "<group>";
		};
		09B435CC21B96B650023B405 = {
			isa = PBXGroup;
			children = (
				09B435D721B96B6A0023B405 /* Toner */,
				09B435D621B96B6A0023B405 /* Products */,
				A71A147C3C6FFD3D29A6172B /* Pods */,
				99492E51812080D58838F32A /* Frameworks */,
			);
			sourceTree = "<group>";
		};
		09B435D621B96B6A0023B405 /* Products */ = {
			isa = PBXGroup;
			children = (
				09B435D521B96B6A0023B405 /* Toner.app */,
			);
			name = Products;
			sourceTree = "<group>";
		};
		09B435D721B96B6A0023B405 /* Toner */ = {
			isa = PBXGroup;
			children = (
				09B435EA21B96E070023B405 /* src */,
				09B435D821B96B6A0023B405 /* AppDelegate.swift */,
				09B435DF21B96B6D0023B405 /* Assets.xcassets */,
				09B435E121B96B6D0023B405 /* LaunchScreen.storyboard */,
				09B435E421B96B6D0023B405 /* Info.plist */,
			);
			path = Toner;
			sourceTree = "<group>";
		};
		09B435EA21B96E070023B405 /* src */ = {
			isa = PBXGroup;
			children = (
				09B435EE21B972940023B405 /* Bases */,
				09D5564821BA96460056D40E /* Home */,
				09D5564921BA98C80056D40E /* Analysis */,
				09A6A6BE21BC1DE600140AFA /* Extensions */,
				09B435DC21B96B6A0023B405 /* Main.storyboard */,
				09B435EC21B96EA50023B405 /* Contants.swift */,
				0905BA7421BACC8F008A5933 /* Tools.swift */,
				09E0140721BCD4EA009785FD /* KMeans.swift */,
				09E0140921BCD948009785FD /* Vector.swift */,
			);
			path = src;
			sourceTree = "<group>";
		};
		09B435EE21B972940023B405 /* Bases */ = {
			isa = PBXGroup;
			children = (
				09B435EF21B972B90023B405 /* BaseTonerViewController.swift */,
				09B435F121B972DD0023B405 /* BaseTonerNavigationController.swift */,
			);
			path = Bases;
			sourceTree = "<group>";
		};
		09D5564821BA96460056D40E /* Home */ = {
			isa = PBXGroup;
			children = (
				09B435DA21B96B6A0023B405 /* HomeViewController.swift */,
				09B435F321B973100023B405 /* HomeNavigationController.swift */,
			);
			path = Home;
			sourceTree = "<group>";
		};
		09D5564921BA98C80056D40E /* Analysis */ = {
			isa = PBXGroup;
			children = (
				09D5564A21BA98E60056D40E /* AnalysisViewController.swift */,
				09A6A6BC21BBDFBC00140AFA /* PieChartViewController.swift */,
			);
			path = Analysis;
			sourceTree = "<group>";
		};
		99492E51812080D58838F32A /* Frameworks */ = {
			isa = PBXGroup;
			children = (
				8B32017B551B806B7928DF98 /* Pods_Toner.framework */,
			);
			name = Frameworks;
			sourceTree = "<group>";
		};
		A71A147C3C6FFD3D29A6172B /* Pods */ = {
			isa = PBXGroup;
			children = (
				AA4B5B0EE886C8E651D3A5DE /* Pods-Toner.debug.xcconfig */,
				F65BBC1A9C93ED8B669C28B0 /* Pods-Toner.release.xcconfig */,
			);
			name = Pods;
			sourceTree = "<group>";
		};
/* End PBXGroup section */

/* Begin PBXNativeTarget section */
		09B435D421B96B690023B405 /* Toner */ = {
			isa = PBXNativeTarget;
			buildConfigurationList = 09B435E721B96B6D0023B405 /* Build configuration list for PBXNativeTarget "Toner" */;
			buildPhases = (
				506A54143F97870907E0B881 /* [CP] Check Pods Manifest.lock */,
				09B435D121B96B690023B405 /* Sources */,
				09B435D221B96B690023B405 /* Frameworks */,
				09B435D321B96B690023B405 /* Resources */,
				B8E3C46021E116268FE68C00 /* [CP] Embed Pods Frameworks */,
			);
			buildRules = (
			);
			dependencies = (
			);
			name = Toner;
			productName = Toner;
			productReference = 09B435D521B96B6A0023B405 /* Toner.app */;
			productType = "com.apple.product-type.application";
		};
/* End PBXNativeTarget section */

/* Begin PBXProject section */
		09B435CD21B96B660023B405 /* Project object */ = {
			isa = PBXProject;
			attributes = {
				LastSwiftUpdateCheck = 1010;
				LastUpgradeCheck = 1010;
				ORGANIZATIONNAME = "";
				TargetAttributes = {
					09B435D421B96B690023B405 = {
						CreatedOnToolsVersion = 10.1;
					};
				};
			};
			buildConfigurationList = 09B435D021B96B660023B405 /* Build configuration list for PBXProject "Toner" */;
			compatibilityVersion = "Xcode 9.3";
			developmentRegion = en;
			hasScannedForEncodings = 0;
			knownRegions = (
				en,
				Base,
			);
			mainGroup = 09B435CC21B96B650023B405;
			productRefGroup = 09B435D621B96B6A0023B405 /* Products */;
			projectDirPath = "";
			projectRoot = "";
			targets = (
				09B435D421B96B690023B405 /* Toner */,
			);
		};
/* End PBXProject section */

/* Begin PBXResourcesBuildPhase section */
		09B435D321B96B690023B405 /* Resources */ = {
			isa = PBXResourcesBuildPhase;
			buildActionMask = 2147483647;
			files = (
				09B435E321B96B6D0023B405 /* LaunchScreen.storyboard in Resources */,
				09B435E021B96B6D0023B405 /* Assets.xcassets in Resources */,
				09B435DE21B96B6A0023B405 /* Main.storyboard in Resources */,
			);
			runOnlyForDeploymentPostprocessing = 0;
		};
/* End PBXResourcesBuildPhase section */

/* Begin PBXShellScriptBuildPhase section */
		506A54143F97870907E0B881 /* [CP] Check Pods Manifest.lock */ = {
			isa = PBXShellScriptBuildPhase;
			buildActionMask = 2147483647;
			files = (
			);
			inputPaths = (
				"${PODS_PODFILE_DIR_PATH}/Podfile.lock",
				"${PODS_ROOT}/Manifest.lock",
			);
			name = "[CP] Check Pods Manifest.lock";
			outputPaths = (
				"$(DERIVED_FILE_DIR)/Pods-Toner-checkManifestLockResult.txt",
			);
			runOnlyForDeploymentPostprocessing = 0;
			shellPath = /bin/sh;
			shellScript = "diff \"${PODS_PODFILE_DIR_PATH}/Podfile.lock\" \"${PODS_ROOT}/Manifest.lock\" > /dev/null\nif [ $? != 0 ] ; then\n    # print error to STDERR\n    echo \"error: The sandbox is not in sync with the Podfile.lock. Run 'pod install' or update your CocoaPods installation.\" >&2\n    exit 1\nfi\n# This output is used by Xcode 'outputs' to avoid re-running this script phase.\necho \"SUCCESS\" > \"${SCRIPT_OUTPUT_FILE_0}\"\n";
			showEnvVarsInLog = 0;
		};
		B8E3C46021E116268FE68C00 /* [CP] Embed Pods Frameworks */ = {
			isa = PBXShellScriptBuildPhase;
			buildActionMask = 2147483647;
			files = (
			);
			inputPaths = (
				"${SRCROOT}/Pods/Target Support Files/Pods-Toner/Pods-Toner-frameworks.sh",
				"${BUILT_PRODUCTS_DIR}/ChameleonFramework/ChameleonFramework.framework",
				"${BUILT_PRODUCTS_DIR}/Charts/Charts.framework",
				"${BUILT_PRODUCTS_DIR}/SkeletonView/SkeletonView.framework",
				"${BUILT_PRODUCTS_DIR}/SnapKit/SnapKit.framework",
			);
			name = "[CP] Embed Pods Frameworks";
			outputPaths = (
				"${TARGET_BUILD_DIR}/${FRAMEWORKS_FOLDER_PATH}/ChameleonFramework.framework",
				"${TARGET_BUILD_DIR}/${FRAMEWORKS_FOLDER_PATH}/Charts.framework",
				"${TARGET_BUILD_DIR}/${FRAMEWORKS_FOLDER_PATH}/SkeletonView.framework",
				"${TARGET_BUILD_DIR}/${FRAMEWORKS_FOLDER_PATH}/SnapKit.framework",
			);
			runOnlyForDeploymentPostprocessing = 0;
			shellPath = /bin/sh;
			shellScript = "\"${SRCROOT}/Pods/Target Support Files/Pods-Toner/Pods-Toner-frameworks.sh\"\n";
			showEnvVarsInLog = 0;
		};
/* End PBXShellScriptBuildPhase section */

/* Begin PBXSourcesBuildPhase section */
		09B435D121B96B690023B405 /* Sources */ = {
			isa = PBXSourcesBuildPhase;
			buildActionMask = 2147483647;
			files = (
				09B435F421B973100023B405 /* HomeNavigationController.swift in Sources */,
				09E0140821BCD4EA009785FD /* KMeans.swift in Sources */,
				09B435DB21B96B6A0023B405 /* HomeViewController.swift in Sources */,
				09B435D921B96B6A0023B405 /* AppDelegate.swift in Sources */,
				09A6A6C021BC1E0100140AFA /* UIImageExtension.swift in Sources */,
				09D5564B21BA98E60056D40E /* AnalysisViewController.swift in Sources */,
				09B435F021B972B90023B405 /* BaseTonerViewController.swift in Sources */,
				09B435F221B972DD0023B405 /* BaseTonerNavigationController.swift in Sources */,
				09A6A6BD21BBDFBC00140AFA /* PieChartViewController.swift in Sources */,
				09B435ED21B96EA50023B405 /* Contants.swift in Sources */,
				09E0140A21BCD948009785FD /* Vector.swift in Sources */,
				0905BA7521BACC8F008A5933 /* Tools.swift in Sources */,
			);
			runOnlyForDeploymentPostprocessing = 0;
		};
/* End PBXSourcesBuildPhase section */

/* Begin PBXVariantGroup section */
		09B435DC21B96B6A0023B405 /* Main.storyboard */ = {
			isa = PBXVariantGroup;
			children = (
				09B435DD21B96B6A0023B405 /* Base */,
			);
			name = Main.storyboard;
			sourceTree = "<group>";
		};
		09B435E121B96B6D0023B405 /* LaunchScreen.storyboard */ = {
			isa = PBXVariantGroup;
			children = (
				09B435E221B96B6D0023B405 /* Base */,
			);
			name = LaunchScreen.storyboard;
			sourceTree = "<group>";
		};
/* End PBXVariantGroup section */

/* Begin XCBuildConfiguration section */
		09B435E521B96B6D0023B405 /* Debug */ = {
			isa = XCBuildConfiguration;
			buildSettings = {
				ALWAYS_SEARCH_USER_PATHS = NO;
				CLANG_ANALYZER_NONNULL = YES;
				CLANG_ANALYZER_NUMBER_OBJECT_CONVERSION = YES_AGGRESSIVE;
				CLANG_CXX_LANGUAGE_STANDARD = "gnu++14";
				CLANG_CXX_LIBRARY = "libc++";
				CLANG_ENABLE_MODULES = YES;
				CLANG_ENABLE_OBJC_ARC = YES;
				CLANG_ENABLE_OBJC_WEAK = YES;
				CLANG_WARN_BLOCK_CAPTURE_AUTORELEASING = YES;
				CLANG_WARN_BOOL_CONVERSION = YES;
				CLANG_WARN_COMMA = YES;
				CLANG_WARN_CONSTANT_CONVERSION = YES;
				CLANG_WARN_DEPRECATED_OBJC_IMPLEMENTATIONS = YES;
				CLANG_WARN_DIRECT_OBJC_ISA_USAGE = YES_ERROR;
				CLANG_WARN_DOCUMENTATION_COMMENTS = YES;
				CLANG_WARN_EMPTY_BODY = YES;
				CLANG_WARN_ENUM_CONVERSION = YES;
				CLANG_WARN_INFINITE_RECURSION = YES;
				CLANG_WARN_INT_CONVERSION = YES;
				CLANG_WARN_NON_LITERAL_NULL_CONVERSION = YES;
				CLANG_WARN_OBJC_IMPLICIT_RETAIN_SELF = YES;
				CLANG_WARN_OBJC_LITERAL_CONVERSION = YES;
				CLANG_WARN_OBJC_ROOT_CLASS = YES_ERROR;
				CLANG_WARN_RANGE_LOOP_ANALYSIS = YES;
				CLANG_WARN_STRICT_PROTOTYPES = YES;
				CLANG_WARN_SUSPICIOUS_MOVE = YES;
				CLANG_WARN_UNGUARDED_AVAILABILITY = YES_AGGRESSIVE;
				CLANG_WARN_UNREACHABLE_CODE = YES;
				CLANG_WARN__DUPLICATE_METHOD_MATCH = YES;
				CODE_SIGN_IDENTITY = "iPhone Developer";
				COPY_PHASE_STRIP = NO;
				DEBUG_INFORMATION_FORMAT = dwarf;
				ENABLE_STRICT_OBJC_MSGSEND = YES;
				ENABLE_TESTABILITY = YES;
				GCC_C_LANGUAGE_STANDARD = gnu11;
				GCC_DYNAMIC_NO_PIC = NO;
				GCC_NO_COMMON_BLOCKS = YES;
				GCC_OPTIMIZATION_LEVEL = 0;
				GCC_PREPROCESSOR_DEFINITIONS = (
					"DEBUG=1",
					"$(inherited)",
				);
				GCC_WARN_64_TO_32_BIT_CONVERSION = YES;
				GCC_WARN_ABOUT_RETURN_TYPE = YES_ERROR;
				GCC_WARN_UNDECLARED_SELECTOR = YES;
				GCC_WARN_UNINITIALIZED_AUTOS = YES_AGGRESSIVE;
				GCC_WARN_UNUSED_FUNCTION = YES;
				GCC_WARN_UNUSED_VARIABLE = YES;
				IPHONEOS_DEPLOYMENT_TARGET = 12.1;
				MTL_ENABLE_DEBUG_INFO = INCLUDE_SOURCE;
				MTL_FAST_MATH = YES;
				ONLY_ACTIVE_ARCH = YES;
				SDKROOT = iphoneos;
				SWIFT_ACTIVE_COMPILATION_CONDITIONS = DEBUG;
				SWIFT_OPTIMIZATION_LEVEL = "-Onone";
			};
			name = Debug;
		};
		09B435E621B96B6D0023B405 /* Release */ = {
			isa = XCBuildConfiguration;
			buildSettings = {
				ALWAYS_SEARCH_USER_PATHS = NO;
				CLANG_ANALYZER_NONNULL = YES;
				CLANG_ANALYZER_NUMBER_OBJECT_CONVERSION = YES_AGGRESSIVE;
				CLANG_CXX_LANGUAGE_STANDARD = "gnu++14";
				CLANG_CXX_LIBRARY = "libc++";
				CLANG_ENABLE_MODULES = YES;
				CLANG_ENABLE_OBJC_ARC = YES;
				CLANG_ENABLE_OBJC_WEAK = YES;
				CLANG_WARN_BLOCK_CAPTURE_AUTORELEASING = YES;
				CLANG_WARN_BOOL_CONVERSION = YES;
				CLANG_WARN_COMMA = YES;
				CLANG_WARN_CONSTANT_CONVERSION = YES;
				CLANG_WARN_DEPRECATED_OBJC_IMPLEMENTATIONS = YES;
				CLANG_WARN_DIRECT_OBJC_ISA_USAGE = YES_ERROR;
				CLANG_WARN_DOCUMENTATION_COMMENTS = YES;
				CLANG_WARN_EMPTY_BODY = YES;
				CLANG_WARN_ENUM_CONVERSION = YES;
				CLANG_WARN_INFINITE_RECURSION = YES;
				CLANG_WARN_INT_CONVERSION = YES;
				CLANG_WARN_NON_LITERAL_NULL_CONVERSION = YES;
				CLANG_WARN_OBJC_IMPLICIT_RETAIN_SELF = YES;
				CLANG_WARN_OBJC_LITERAL_CONVERSION = YES;
				CLANG_WARN_OBJC_ROOT_CLASS = YES_ERROR;
				CLANG_WARN_RANGE_LOOP_ANALYSIS = YES;
				CLANG_WARN_STRICT_PROTOTYPES = YES;
				CLANG_WARN_SUSPICIOUS_MOVE = YES;
				CLANG_WARN_UNGUARDED_AVAILABILITY = YES_AGGRESSIVE;
				CLANG_WARN_UNREACHABLE_CODE = YES;
				CLANG_WARN__DUPLICATE_METHOD_MATCH = YES;
				CODE_SIGN_IDENTITY = "iPhone Developer";
				COPY_PHASE_STRIP = NO;
				DEBUG_INFORMATION_FORMAT = "dwarf-with-dsym";
				ENABLE_NS_ASSERTIONS = NO;
				ENABLE_STRICT_OBJC_MSGSEND = YES;
				GCC_C_LANGUAGE_STANDARD = gnu11;
				GCC_NO_COMMON_BLOCKS = YES;
				GCC_WARN_64_TO_32_BIT_CONVERSION = YES;
				GCC_WARN_ABOUT_RETURN_TYPE = YES_ERROR;
				GCC_WARN_UNDECLARED_SELECTOR = YES;
				GCC_WARN_UNINITIALIZED_AUTOS = YES_AGGRESSIVE;
				GCC_WARN_UNUSED_FUNCTION = YES;
				GCC_WARN_UNUSED_VARIABLE = YES;
				IPHONEOS_DEPLOYMENT_TARGET = 12.1;
				MTL_ENABLE_DEBUG_INFO = NO;
				MTL_FAST_MATH = YES;
				SDKROOT = iphoneos;
				SWIFT_COMPILATION_MODE = wholemodule;
				SWIFT_OPTIMIZATION_LEVEL = "-O";
				VALIDATE_PRODUCT = YES;
			};
			name = Release;
		};
		09B435E821B96B6D0023B405 /* Debug */ = {
			isa = XCBuildConfiguration;
			baseConfigurationReference = AA4B5B0EE886C8E651D3A5DE /* Pods-Toner.debug.xcconfig */;
			buildSettings = {
				ASSETCATALOG_COMPILER_APPICON_NAME = AppIcon;
				CODE_SIGN_IDENTITY = "iPhone Developer";
				CODE_SIGN_STYLE = Automatic;
				DEVELOPMENT_TEAM = TUBC4SD5QM;
				INFOPLIST_FILE = Toner/Info.plist;
				IPHONEOS_DEPLOYMENT_TARGET = 11.0;
				LD_RUNPATH_SEARCH_PATHS = (
					"$(inherited)",
					"@executable_path/Frameworks",
				);
				PRODUCT_BUNDLE_IDENTIFIER = com.kazine.lili.Toner;
				PRODUCT_NAME = "$(TARGET_NAME)";
				PROVISIONING_PROFILE_SPECIFIER = "";
				SWIFT_VERSION = 4.2;
				TARGETED_DEVICE_FAMILY = 1;
			};
			name = Debug;
		};
		09B435E921B96B6D0023B405 /* Release */ = {
			isa = XCBuildConfiguration;
			baseConfigurationReference = F65BBC1A9C93ED8B669C28B0 /* Pods-Toner.release.xcconfig */;
			buildSettings = {
				ASSETCATALOG_COMPILER_APPICON_NAME = AppIcon;
				CODE_SIGN_IDENTITY = "iPhone Developer";
				CODE_SIGN_STYLE = Automatic;
				DEVELOPMENT_TEAM = TUBC4SD5QM;
				INFOPLIST_FILE = Toner/Info.plist;
				IPHONEOS_DEPLOYMENT_TARGET = 11.0;
				LD_RUNPATH_SEARCH_PATHS = (
					"$(inherited)",
					"@executable_path/Frameworks",
				);
				PRODUCT_BUNDLE_IDENTIFIER = com.kazine.lili.Toner;
				PRODUCT_NAME = "$(TARGET_NAME)";
				PROVISIONING_PROFILE_SPECIFIER = "";
				SWIFT_VERSION = 4.2;
				TARGETED_DEVICE_FAMILY = 1;
			};
			name = Release;
		};
/* End XCBuildConfiguration section */

/* Begin XCConfigurationList section */
		09B435D021B96B660023B405 /* Build configuration list for PBXProject "Toner" */ = {
			isa = XCConfigurationList;
			buildConfigurations = (
				09B435E521B96B6D0023B405 /* Debug */,
				09B435E621B96B6D0023B405 /* Release */,
			);
			defaultConfigurationIsVisible = 0;
			defaultConfigurationName = Release;
		};
		09B435E721B96B6D0023B405 /* Build configuration list for PBXNativeTarget "Toner" */ = {
			isa = XCConfigurationList;
			buildConfigurations = (
				09B435E821B96B6D0023B405 /* Debug */,
				09B435E921B96B6D0023B405 /* Release */,
			);
			defaultConfigurationIsVisible = 0;
			defaultConfigurationName = Release;
		};
/* End XCConfigurationList section */
	};
	rootObject = 09B435CD21B96B660023B405 /* Project object */;
}
